
Microsoft Visual Studio Solution File, Format Version 12.00
# Visual Studio Version 16
VisualStudioVersion = 16.0.29201.188
MinimumVisualStudioVersion = 10.0.40219.1
Project("{FAE04EC0-301F-11D3-BF4B-00C04F79EFBC}") = "ConsoleTest", "ConsoleTest.csproj", "{10A3ECD9-7CD9-4E36-8A81-7E4AD48698DE}"
EndProject
Global
	GlobalSection(SolutionConfigurationPlatforms) = preSolution
		Debug|Any CPU = Debug|Any CPU
		Release|Any CPU = Release|Any CPU
	EndGlobalSection
	GlobalSection(ProjectConfigurationPlatforms) = postSolution
		{10A3ECD9-7CD9-4E36-8A81-7E4AD48698DE}.Debug|Any CPU.ActiveCfg = Debug|Any CPU
		{10A3ECD9-7CD9-4E36-8A81-7E4AD48698DE}.Debug|Any CPU.Build.0 = Debug|Any CPU
		{10A3ECD9-7CD9-4E36-8A81-7E4AD48698DE}.Release|Any CPU.ActiveCfg = Release|Any CPU
		{10A3ECD9-7CD9-4E36-8A81-7E4AD48698DE}.Release|Any CPU.Build.0 = Release|Any CPU
	EndGlobalSection
	GlobalSection(SolutionProperties) = preSolution
		HideSolutionNode = FALSE
	EndGlobalSection
	GlobalSection(ExtensibilityGlobals) = postSolution
		SolutionGuid = {870C12E7-9B99-43ED-B170-37ED2468C90A}
	EndGlobalSection
EndGlobal
